// !$*UTF8*$!
{
	archiveVersion = 1;
	classes = {
	};
	objectVersion = 50;
	objects = {

/* Begin PBXBuildFile section */
		132D5CCF22264D6C00EF2CC8 /* AppDelegate.swift in Sources */ = {isa = PBXBuildFile; fileRef = 132D5CCE22264D6C00EF2CC8 /* AppDelegate.swift */; };
		132D5CD122264D6C00EF2CC8 /* ViewController.swift in Sources */ = {isa = PBXBuildFile; fileRef = 132D5CD022264D6C00EF2CC8 /* ViewController.swift */; };
		132D5CD422264D6C00EF2CC8 /* Main.storyboard in Resources */ = {isa = PBXBuildFile; fileRef = 132D5CD222264D6C00EF2CC8 /* Main.storyboard */; };
		132D5CD622264D6D00EF2CC8 /* Assets.xcassets in Resources */ = {isa = PBXBuildFile; fileRef = 132D5CD522264D6D00EF2CC8 /* Assets.xcassets */; };
		132D5CD922264D6D00EF2CC8 /* LaunchScreen.storyboard in Resources */ = {isa = PBXBuildFile; fileRef = 132D5CD722264D6D00EF2CC8 /* LaunchScreen.storyboard */; };
		132D5CE422264D6D00EF2CC8 /* InterviewTests.swift in Sources */ = {isa = PBXBuildFile; fileRef = 132D5CE322264D6D00EF2CC8 /* InterviewTests.swift */; };
		132D5CEF2226512300EF2CC8 /* ShopViewController.swift in Sources */ = {isa = PBXBuildFile; fileRef = 132D5CEE2226512300EF2CC8 /* ShopViewController.swift */; };
		132D5CF122266B2900EF2CC8 /* ShopViewControllerTest.swift in Sources */ = {isa = PBXBuildFile; fileRef = 132D5CF022266B2900EF2CC8 /* ShopViewControllerTest.swift */; };
		A0A6C5F82A14A097FABB4763 /* Pods_Interview.framework in Frameworks */ = {isa = PBXBuildFile; fileRef = 6B4E45148FA757D732D9C901 /* Pods_Interview.framework */; };
		D36E4F83D7B73CC186EBB592 /* Pods_InterviewTests.framework in Frameworks */ = {isa = PBXBuildFile; fileRef = 40CBCA8834C0DE86BB5C2B3C /* Pods_InterviewTests.framework */; };
/* End PBXBuildFile section */

/* Begin PBXContainerItemProxy section */
		132D5CE022264D6D00EF2CC8 /* PBXContainerItemProxy */ = {
			isa = PBXContainerItemProxy;
			containerPortal = 132D5CC322264D6C00EF2CC8 /* Project object */;
			proxyType = 1;
			remoteGlobalIDString = 132D5CCA22264D6C00EF2CC8;
			remoteInfo = Interview;
		};
/* End PBXContainerItemProxy section */

/* Begin PBXFileReference section */
		132D5CCB22264D6C00EF2CC8 /* Interview.app */ = {isa = PBXFileReference; explicitFileType = wrapper.application; includeInIndex = 0; path = Interview.app; sourceTree = BUILT_PRODUCTS_DIR; };
		132D5CCE22264D6C00EF2CC8 /* AppDelegate.swift */ = {isa = PBXFileReference; lastKnownFileType = sourcecode.swift; path = AppDelegate.swift; sourceTree = "<group>"; };
		132D5CD022264D6C00EF2CC8 /* ViewController.swift */ = {isa = PBXFileReference; lastKnownFileType = sourcecode.swift; path = ViewController.swift; sourceTree = "<group>"; };
		132D5CD322264D6C00EF2CC8 /* Base */ = {isa = PBXFileReference; lastKnownFileType = file.storyboard; name = Base; path = Base.lproj/Main.storyboard; sourceTree = "<group>"; };
		132D5CD522264D6D00EF2CC8 /* Assets.xcassets */ = {isa = PBXFileReference; lastKnownFileType = folder.assetcatalog; path = Assets.xcassets; sourceTree = "<group>"; };
		132D5CD822264D6D00EF2CC8 /* Base */ = {isa = PBXFileReference; lastKnownFileType = file.storyboard; name = Base; path = Base.lproj/LaunchScreen.storyboard; sourceTree = "<group>"; };
		132D5CDA22264D6D00EF2CC8 /* Info.plist */ = {isa = PBXFileReference; lastKnownFileType = text.plist.xml; path = Info.plist; sourceTree = "<group>"; };
		132D5CDF22264D6D00EF2CC8 /* InterviewTests.xctest */ = {isa = PBXFileReference; explicitFileType = wrapper.cfbundle; includeInIndex = 0; path = InterviewTests.xctest; sourceTree = BUILT_PRODUCTS_DIR; };
		132D5CE322264D6D00EF2CC8 /* InterviewTests.swift */ = {isa = PBXFileReference; lastKnownFileType = sourcecode.swift; path = InterviewTests.swift; sourceTree = "<group>"; };
		132D5CE522264D6D00EF2CC8 /* Info.plist */ = {isa = PBXFileReference; lastKnownFileType = text.plist.xml; path = Info.plist; sourceTree = "<group>"; };
		132D5CEE2226512300EF2CC8 /* ShopViewController.swift */ = {isa = PBXFileReference; lastKnownFileType = sourcecode.swift; path = ShopViewController.swift; sourceTree = "<group>"; };
		132D5CF022266B2900EF2CC8 /* ShopViewControllerTest.swift */ = {isa = PBXFileReference; lastKnownFileType = sourcecode.swift; path = ShopViewControllerTest.swift; sourceTree = "<group>"; };
		25673A61045C362EE7E6F3F1 /* Pods-Interview.debug.xcconfig */ = {isa = PBXFileReference; includeInIndex = 1; lastKnownFileType = text.xcconfig; name = "Pods-Interview.debug.xcconfig"; path = "Pods/Target Support Files/Pods-Interview/Pods-Interview.debug.xcconfig"; sourceTree = "<group>"; };
		382588021701BEAA9CDE95E3 /* Pods-Interview.release.xcconfig */ = {isa = PBXFileReference; includeInIndex = 1; lastKnownFileType = text.xcconfig; name = "Pods-Interview.release.xcconfig"; path = "Pods/Target Support Files/Pods-Interview/Pods-Interview.release.xcconfig"; sourceTree = "<group>"; };
		40CBCA8834C0DE86BB5C2B3C /* Pods_InterviewTests.framework */ = {isa = PBXFileReference; explicitFileType = wrapper.framework; includeInIndex = 0; path = Pods_InterviewTests.framework; sourceTree = BUILT_PRODUCTS_DIR; };
		6B4E45148FA757D732D9C901 /* Pods_Interview.framework */ = {isa = PBXFileReference; explicitFileType = wrapper.framework; includeInIndex = 0; path = Pods_Interview.framework; sourceTree = BUILT_PRODUCTS_DIR; };
		936C8636760A3F008E1AB48F /* Pods-InterviewTests.release.xcconfig */ = {isa = PBXFileReference; includeInIndex = 1; lastKnownFileType = text.xcconfig; name = "Pods-InterviewTests.release.xcconfig"; path = "Pods/Target Support Files/Pods-InterviewTests/Pods-InterviewTests.release.xcconfig"; sourceTree = "<group>"; };
		F262511D70FA2CB0EA3A477B /* Pods-InterviewTests.debug.xcconfig */ = {isa = PBXFileReference; includeInIndex = 1; lastKnownFileType = text.xcconfig; name = "Pods-InterviewTests.debug.xcconfig"; path = "Pods/Target Support Files/Pods-InterviewTests/Pods-InterviewTests.debug.xcconfig"; sourceTree = "<group>"; };
/* End PBXFileReference section */

/* Begin PBXFrameworksBuildPhase section */
		132D5CC822264D6C00EF2CC8 /* Frameworks */ = {
			isa = PBXFrameworksBuildPhase;
			buildActionMask = 2147483647;
			files = (
				A0A6C5F82A14A097FABB4763 /* Pods_Interview.framework in Frameworks */,
			);
			runOnlyForDeploymentPostprocessing = 0;
		};
		132D5CDC22264D6D00EF2CC8 /* Frameworks */ = {
			isa = PBXFrameworksBuildPhase;
			buildActionMask = 2147483647;
			files = (
				D36E4F83D7B73CC186EBB592 /* Pods_InterviewTests.framework in Frameworks */,
			);
			runOnlyForDeploymentPostprocessing = 0;
		};
/* End PBXFrameworksBuildPhase section */

/* Begin PBXGroup section */
		132D5CC222264D6C00EF2CC8 = {
			isa = PBXGroup;
			children = (
				132D5CCD22264D6C00EF2CC8 /* Interview */,
				132D5CE222264D6D00EF2CC8 /* InterviewTests */,
				132D5CCC22264D6C00EF2CC8 /* Products */,
				F21518980E1CE3176745E1D0 /* Pods */,
				1BFA37F297263A91A0146131 /* Frameworks */,
			);
			sourceTree = "<group>";
		};
		132D5CCC22264D6C00EF2CC8 /* Products */ = {
			isa = PBXGroup;
			children = (
				132D5CCB22264D6C00EF2CC8 /* Interview.app */,
				132D5CDF22264D6D00EF2CC8 /* InterviewTests.xctest */,
			);
			name = Products;
			sourceTree = "<group>";
		};
		132D5CCD22264D6C00EF2CC8 /* Interview */ = {
			isa = PBXGroup;
			children = (
				132D5CCE22264D6C00EF2CC8 /* AppDelegate.swift */,
				132D5CD022264D6C00EF2CC8 /* ViewController.swift */,
				132D5CEE2226512300EF2CC8 /* ShopViewController.swift */,
				132D5CD222264D6C00EF2CC8 /* Main.storyboard */,
				132D5CD522264D6D00EF2CC8 /* Assets.xcassets */,
				132D5CD722264D6D00EF2CC8 /* LaunchScreen.storyboard */,
				132D5CDA22264D6D00EF2CC8 /* Info.plist */,
			);
			path = Interview;
			sourceTree = "<group>";
		};
		132D5CE222264D6D00EF2CC8 /* InterviewTests */ = {
			isa = PBXGroup;
			children = (
				132D5CE322264D6D00EF2CC8 /* InterviewTests.swift */,
				132D5CE522264D6D00EF2CC8 /* Info.plist */,
				132D5CF022266B2900EF2CC8 /* ShopViewControllerTest.swift */,
			);
			path = InterviewTests;
			sourceTree = "<group>";
		};
		1BFA37F297263A91A0146131 /* Frameworks */ = {
			isa = PBXGroup;
			children = (
				6B4E45148FA757D732D9C901 /* Pods_Interview.framework */,
				40CBCA8834C0DE86BB5C2B3C /* Pods_InterviewTests.framework */,
			);
			name = Frameworks;
			sourceTree = "<group>";
		};
		F21518980E1CE3176745E1D0 /* Pods */ = {
			isa = PBXGroup;
			children = (
				25673A61045C362EE7E6F3F1 /* Pods-Interview.debug.xcconfig */,
				382588021701BEAA9CDE95E3 /* Pods-Interview.release.xcconfig */,
				F262511D70FA2CB0EA3A477B /* Pods-InterviewTests.debug.xcconfig */,
				936C8636760A3F008E1AB48F /* Pods-InterviewTests.release.xcconfig */,
			);
			name = Pods;
			sourceTree = "<group>";
		};
/* End PBXGroup section */

/* Begin PBXNativeTarget section */
		132D5CCA22264D6C00EF2CC8 /* Interview */ = {
			isa = PBXNativeTarget;
			buildConfigurationList = 132D5CE822264D6D00EF2CC8 /* Build configuration list for PBXNativeTarget "Interview" */;
			buildPhases = (
				D03701A1AE22887DCEFB590F /* [CP] Check Pods Manifest.lock */,
				132D5CC722264D6C00EF2CC8 /* Sources */,
				132D5CC822264D6C00EF2CC8 /* Frameworks */,
				132D5CC922264D6C00EF2CC8 /* Resources */,
			);
			buildRules = (
			);
			dependencies = (
			);
			name = Interview;
			productName = Interview;
			productReference = 132D5CCB22264D6C00EF2CC8 /* Interview.app */;
			productType = "com.apple.product-type.application";
		};
		132D5CDE22264D6D00EF2CC8 /* InterviewTests */ = {
			isa = PBXNativeTarget;
			buildConfigurationList = 132D5CEB22264D6D00EF2CC8 /* Build configuration list for PBXNativeTarget "InterviewTests" */;
			buildPhases = (
				50C56CF74F0EE5A95B8A834F /* [CP] Check Pods Manifest.lock */,
				132D5CDB22264D6D00EF2CC8 /* Sources */,
				132D5CDC22264D6D00EF2CC8 /* Frameworks */,
				132D5CDD22264D6D00EF2CC8 /* Resources */,
				19819688A8C81C5A1416D8D4 /* [CP] Embed Pods Frameworks */,
			);
			buildRules = (
			);
			dependencies = (
				132D5CE122264D6D00EF2CC8 /* PBXTargetDependency */,
			);
			name = InterviewTests;
			productName = InterviewTests;
			productReference = 132D5CDF22264D6D00EF2CC8 /* InterviewTests.xctest */;
			productType = "com.apple.product-type.bundle.unit-test";
		};
/* End PBXNativeTarget section */

/* Begin PBXProject section */
		132D5CC322264D6C00EF2CC8 /* Project object */ = {
			isa = PBXProject;
			attributes = {
				LastSwiftUpdateCheck = 1010;
				LastUpgradeCheck = 1010;
				ORGANIZATIONNAME = "Yanzi Li ";
				TargetAttributes = {
					132D5CCA22264D6C00EF2CC8 = {
						CreatedOnToolsVersion = 10.1;
					};
					132D5CDE22264D6D00EF2CC8 = {
						CreatedOnToolsVersion = 10.1;
						TestTargetID = 132D5CCA22264D6C00EF2CC8;
					};
				};
			};
			buildConfigurationList = 132D5CC622264D6C00EF2CC8 /* Build configuration list for PBXProject "Interview" */;
			compatibilityVersion = "Xcode 9.3";
			developmentRegion = en;
			hasScannedForEncodings = 0;
			knownRegions = (
				en,
				Base,
			);
			mainGroup = 132D5CC222264D6C00EF2CC8;
			productRefGroup = 132D5CCC22264D6C00EF2CC8 /* Products */;
			projectDirPath = "";
			projectRoot = "";
			targets = (
				132D5CCA22264D6C00EF2CC8 /* Interview */,
				132D5CDE22264D6D00EF2CC8 /* InterviewTests */,
			);
		};
/* End PBXProject section */

/* Begin PBXResourcesBuildPhase section */
		132D5CC922264D6C00EF2CC8 /* Resources */ = {
			isa = PBXResourcesBuildPhase;
			buildActionMask = 2147483647;
			files = (
				132D5CD922264D6D00EF2CC8 /* LaunchScreen.storyboard in Resources */,
				132D5CD622264D6D00EF2CC8 /* Assets.xcassets in Resources */,
				132D5CD422264D6C00EF2CC8 /* Main.storyboard in Resources */,
			);
			runOnlyForDeploymentPostprocessing = 0;
		};
		132D5CDD22264D6D00EF2CC8 /* Resources */ = {
			isa = PBXResourcesBuildPhase;
			buildActionMask = 2147483647;
			files = (
			);
			runOnlyForDeploymentPostprocessing = 0;
		};
/* End PBXResourcesBuildPhase section */

/* Begin PBXShellScriptBuildPhase section */
		19819688A8C81C5A1416D8D4 /* [CP] Embed Pods Frameworks */ = {
			isa = PBXShellScriptBuildPhase;
			buildActionMask = 2147483647;
			files = (
			);
			inputPaths = (
				"${SRCROOT}/Pods/Target Support Files/Pods-InterviewTests/Pods-InterviewTests-frameworks.sh",
				"${BUILT_PRODUCTS_DIR}/Nimble/Nimble.framework",
				"${BUILT_PRODUCTS_DIR}/Quick/Quick.framework",
			);
			name = "[CP] Embed Pods Frameworks";
			outputPaths = (
				"${TARGET_BUILD_DIR}/${FRAMEWORKS_FOLDER_PATH}/Nimble.framework",
				"${TARGET_BUILD_DIR}/${FRAMEWORKS_FOLDER_PATH}/Quick.framework",
			);
			runOnlyForDeploymentPostprocessing = 0;
			shellPath = /bin/sh;
			shellScript = "\"${SRCROOT}/Pods/Target Support Files/Pods-InterviewTests/Pods-InterviewTests-frameworks.sh\"\n";
			showEnvVarsInLog = 0;
		};
		50C56CF74F0EE5A95B8A834F /* [CP] Check Pods Manifest.lock */ = {
			isa = PBXShellScriptBuildPhase;
			buildActionMask = 2147483647;
			files = (
			);
			inputPaths = (
				"${PODS_PODFILE_DIR_PATH}/Podfile.lock",
				"${PODS_ROOT}/Manifest.lock",
			);
			name = "[CP] Check Pods Manifest.lock";
			outputPaths = (
				"$(DERIVED_FILE_DIR)/Pods-InterviewTests-checkManifestLockResult.txt",
			);
			runOnlyForDeploymentPostprocessing = 0;
			shellPath = /bin/sh;
			shellScript = "diff \"${PODS_PODFILE_DIR_PATH}/Podfile.lock\" \"${PODS_ROOT}/Manifest.lock\" > /dev/null\nif [ $? != 0 ] ; then\n    # print error to STDERR\n    echo \"error: The sandbox is not in sync with the Podfile.lock. Run 'pod install' or update your CocoaPods installation.\" >&2\n    exit 1\nfi\n# This output is used by Xcode 'outputs' to avoid re-running this script phase.\necho \"SUCCESS\" > \"${SCRIPT_OUTPUT_FILE_0}\"\n";
			showEnvVarsInLog = 0;
		};
		D03701A1AE22887DCEFB590F /* [CP] Check Pods Manifest.lock */ = {
			isa = PBXShellScriptBuildPhase;
			buildActionMask = 2147483647;
			files = (
			);
			inputPaths = (
				"${PODS_PODFILE_DIR_PATH}/Podfile.lock",
				"${PODS_ROOT}/Manifest.lock",
			);
			name = "[CP] Check Pods Manifest.lock";
			outputPaths = (
				"$(DERIVED_FILE_DIR)/Pods-Interview-checkManifestLockResult.txt",
			);
			runOnlyForDeploymentPostprocessing = 0;
			shellPath = /bin/sh;
			shellScript = "diff \"${PODS_PODFILE_DIR_PATH}/Podfile.lock\" \"${PODS_ROOT}/Manifest.lock\" > /dev/null\nif [ $? != 0 ] ; then\n    # print error to STDERR\n    echo \"error: The sandbox is not in sync with the Podfile.lock. Run 'pod install' or update your CocoaPods installation.\" >&2\n    exit 1\nfi\n# This output is used by Xcode 'outputs' to avoid re-running this script phase.\necho \"SUCCESS\" > \"${SCRIPT_OUTPUT_FILE_0}\"\n";
			showEnvVarsInLog = 0;
		};
/* End PBXShellScriptBuildPhase section */

/* Begin PBXSourcesBuildPhase section */
		132D5CC722264D6C00EF2CC8 /* Sources */ = {
			isa = PBXSourcesBuildPhase;
			buildActionMask = 2147483647;
			files = (
				132D5CD122264D6C00EF2CC8 /* ViewController.swift in Sources */,
				132D5CCF22264D6C00EF2CC8 /* AppDelegate.swift in Sources */,
				132D5CEF2226512300EF2CC8 /* ShopViewController.swift in Sources */,
			);
			runOnlyForDeploymentPostprocessing = 0;
		};
		132D5CDB22264D6D00EF2CC8 /* Sources */ = {
			isa = PBXSourcesBuildPhase;
			buildActionMask = 2147483647;
			files = (
				132D5CF122266B2900EF2CC8 /* ShopViewControllerTest.swift in Sources */,
				132D5CE422264D6D00EF2CC8 /* InterviewTests.swift in Sources */,
			);
			runOnlyForDeploymentPostprocessing = 0;
		};
/* End PBXSourcesBuildPhase section */

/* Begin PBXTargetDependency section */
		132D5CE122264D6D00EF2CC8 /* PBXTargetDependency */ = {
			isa = PBXTargetDependency;
			target = 132D5CCA22264D6C00EF2CC8 /* Interview */;
			targetProxy = 132D5CE022264D6D00EF2CC8 /* PBXContainerItemProxy */;
		};
/* End PBXTargetDependency section */

/* Begin PBXVariantGroup section */
		132D5CD222264D6C00EF2CC8 /* Main.storyboard */ = {
			isa = PBXVariantGroup;
			children = (
				132D5CD322264D6C00EF2CC8 /* Base */,
			);
			name = Main.storyboard;
			sourceTree = "<group>";
		};
		132D5CD722264D6D00EF2CC8 /* LaunchScreen.storyboard */ = {
			isa = PBXVariantGroup;
			children = (
				132D5CD822264D6D00EF2CC8 /* Base */,
			);
			name = LaunchScreen.storyboard;
			sourceTree = "<group>";
		};
/* End PBXVariantGroup section */

/* Begin XCBuildConfiguration section */
		132D5CE622264D6D00EF2CC8 /* Debug */ = {
			isa = XCBuildConfiguration;
			buildSettings = {
				ALWAYS_SEARCH_USER_PATHS = NO;
				CLANG_ANALYZER_NONNULL = YES;
				CLANG_ANALYZER_NUMBER_OBJECT_CONVERSION = YES_AGGRESSIVE;
				CLANG_CXX_LANGUAGE_STANDARD = "gnu++14";
				CLANG_CXX_LIBRARY = "libc++";
				CLANG_ENABLE_MODULES = YES;
				CLANG_ENABLE_OBJC_ARC = YES;
				CLANG_ENABLE_OBJC_WEAK = YES;
				CLANG_WARN_BLOCK_CAPTURE_AUTORELEASING = YES;
				CLANG_WARN_BOOL_CONVERSION = YES;
				CLANG_WARN_COMMA = YES;
				CLANG_WARN_CONSTANT_CONVERSION = YES;
				CLANG_WARN_DEPRECATED_OBJC_IMPLEMENTATIONS = YES;
				CLANG_WARN_DIRECT_OBJC_ISA_USAGE = YES_ERROR;
				CLANG_WARN_DOCUMENTATION_COMMENTS = YES;
				CLANG_WARN_EMPTY_BODY = YES;
				CLANG_WARN_ENUM_CONVERSION = YES;
				CLANG_WARN_INFINITE_RECURSION = YES;
				CLANG_WARN_INT_CONVERSION = YES;
				CLANG_WARN_NON_LITERAL_NULL_CONVERSION = YES;
				CLANG_WARN_OBJC_IMPLICIT_RETAIN_SELF = YES;
				CLANG_WARN_OBJC_LITERAL_CONVERSION = YES;
				CLANG_WARN_OBJC_ROOT_CLASS = YES_ERROR;
				CLANG_WARN_RANGE_LOOP_ANALYSIS = YES;
				CLANG_WARN_STRICT_PROTOTYPES = YES;
				CLANG_WARN_SUSPICIOUS_MOVE = YES;
				CLANG_WARN_UNGUARDED_AVAILABILITY = YES_AGGRESSIVE;
				CLANG_WARN_UNREACHABLE_CODE = YES;
				CLANG_WARN__DUPLICATE_METHOD_MATCH = YES;
				CODE_SIGN_IDENTITY = "iPhone Developer";
				COPY_PHASE_STRIP = NO;
				DEBUG_INFORMATION_FORMAT = dwarf;
				ENABLE_STRICT_OBJC_MSGSEND = YES;
				ENABLE_TESTABILITY = YES;
				GCC_C_LANGUAGE_STANDARD = gnu11;
				GCC_DYNAMIC_NO_PIC = NO;
				GCC_NO_COMMON_BLOCKS = YES;
				GCC_OPTIMIZATION_LEVEL = 0;
				GCC_PREPROCESSOR_DEFINITIONS = (
					"DEBUG=1",
					"$(inherited)",
				);
				GCC_WARN_64_TO_32_BIT_CONVERSION = YES;
				GCC_WARN_ABOUT_RETURN_TYPE = YES_ERROR;
				GCC_WARN_UNDECLARED_SELECTOR = YES;
				GCC_WARN_UNINITIALIZED_AUTOS = YES_AGGRESSIVE;
				GCC_WARN_UNUSED_FUNCTION = YES;
				GCC_WARN_UNUSED_VARIABLE = YES;
				IPHONEOS_DEPLOYMENT_TARGET = 12.1;
				MTL_ENABLE_DEBUG_INFO = INCLUDE_SOURCE;
				MTL_FAST_MATH = YES;
				ONLY_ACTIVE_ARCH = YES;
				SDKROOT = iphoneos;
				SWIFT_ACTIVE_COMPILATION_CONDITIONS = DEBUG;
				SWIFT_OPTIMIZATION_LEVEL = "-Onone";
			};
			name = Debug;
		};
		132D5CE722264D6D00EF2CC8 /* Release */ = {
			isa = XCBuildConfiguration;
			buildSettings = {
				ALWAYS_SEARCH_USER_PATHS = NO;
				CLANG_ANALYZER_NONNULL = YES;
				CLANG_ANALYZER_NUMBER_OBJECT_CONVERSION = YES_AGGRESSIVE;
				CLANG_CXX_LANGUAGE_STANDARD = "gnu++14";
				CLANG_CXX_LIBRARY = "libc++";
				CLANG_ENABLE_MODULES = YES;
				CLANG_ENABLE_OBJC_ARC = YES;
				CLANG_ENABLE_OBJC_WEAK = YES;
				CLANG_WARN_BLOCK_CAPTURE_AUTORELEASING = YES;
				CLANG_WARN_BOOL_CONVERSION = YES;
				CLANG_WARN_COMMA = YES;
				CLANG_WARN_CONSTANT_CONVERSION = YES;
				CLANG_WARN_DEPRECATED_OBJC_IMPLEMENTATIONS = YES;
				CLANG_WARN_DIRECT_OBJC_ISA_USAGE = YES_ERROR;
				CLANG_WARN_DOCUMENTATION_COMMENTS = YES;
				CLANG_WARN_EMPTY_BODY = YES;
				CLANG_WARN_ENUM_CONVERSION = YES;
				CLANG_WARN_INFINITE_RECURSION = YES;
				CLANG_WARN_INT_CONVERSION = YES;
				CLANG_WARN_NON_LITERAL_NULL_CONVERSION = YES;
				CLANG_WARN_OBJC_IMPLICIT_RETAIN_SELF = YES;
				CLANG_WARN_OBJC_LITERAL_CONVERSION = YES;
				CLANG_WARN_OBJC_ROOT_CLASS = YES_ERROR;
				CLANG_WARN_RANGE_LOOP_ANALYSIS = YES;
				CLANG_WARN_STRICT_PROTOTYPES = YES;
				CLANG_WARN_SUSPICIOUS_MOVE = YES;
				CLANG_WARN_UNGUARDED_AVAILABILITY = YES_AGGRESSIVE;
				CLANG_WARN_UNREACHABLE_CODE = YES;
				CLANG_WARN__DUPLICATE_METHOD_MATCH = YES;
				CODE_SIGN_IDENTITY = "iPhone Developer";
				COPY_PHASE_STRIP = NO;
				DEBUG_INFORMATION_FORMAT = "dwarf-with-dsym";
				ENABLE_NS_ASSERTIONS = NO;
				ENABLE_STRICT_OBJC_MSGSEND = YES;
				GCC_C_LANGUAGE_STANDARD = gnu11;
				GCC_NO_COMMON_BLOCKS = YES;
				GCC_WARN_64_TO_32_BIT_CONVERSION = YES;
				GCC_WARN_ABOUT_RETURN_TYPE = YES_ERROR;
				GCC_WARN_UNDECLARED_SELECTOR = YES;
				GCC_WARN_UNINITIALIZED_AUTOS = YES_AGGRESSIVE;
				GCC_WARN_UNUSED_FUNCTION = YES;
				GCC_WARN_UNUSED_VARIABLE = YES;
				IPHONEOS_DEPLOYMENT_TARGET = 12.1;
				MTL_ENABLE_DEBUG_INFO = NO;
				MTL_FAST_MATH = YES;
				SDKROOT = iphoneos;
				SWIFT_COMPILATION_MODE = wholemodule;
				SWIFT_OPTIMIZATION_LEVEL = "-O";
				VALIDATE_PRODUCT = YES;
			};
			name = Release;
		};
		132D5CE922264D6D00EF2CC8 /* Debug */ = {
			isa = XCBuildConfiguration;
			baseConfigurationReference = 25673A61045C362EE7E6F3F1 /* Pods-Interview.debug.xcconfig */;
			buildSettings = {
				ASSETCATALOG_COMPILER_APPICON_NAME = AppIcon;
				CODE_SIGN_STYLE = Automatic;
				DEVELOPMENT_TEAM = 3W8B4KPVH6;
				INFOPLIST_FILE = Interview/Info.plist;
				LD_RUNPATH_SEARCH_PATHS = (
					"$(inherited)",
					"@executable_path/Frameworks",
				);
				PRODUCT_BUNDLE_IDENTIFIER = com.yanzi.Interview;
				PRODUCT_NAME = "$(TARGET_NAME)";
				SWIFT_VERSION = 4.2;
				TARGETED_DEVICE_FAMILY = "1,2";
			};
			name = Debug;
		};
		132D5CEA22264D6D00EF2CC8 /* Release */ = {
			isa = XCBuildConfiguration;
			baseConfigurationReference = 382588021701BEAA9CDE95E3 /* Pods-Interview.release.xcconfig */;
			buildSettings = {
				ASSETCATALOG_COMPILER_APPICON_NAME = AppIcon;
				CODE_SIGN_STYLE = Automatic;
				DEVELOPMENT_TEAM = 3W8B4KPVH6;
				INFOPLIST_FILE = Interview/Info.plist;
				LD_RUNPATH_SEARCH_PATHS = (
					"$(inherited)",
					"@executable_path/Frameworks",
				);
				PRODUCT_BUNDLE_IDENTIFIER = com.yanzi.Interview;
				PRODUCT_NAME = "$(TARGET_NAME)";
				SWIFT_VERSION = 4.2;
				TARGETED_DEVICE_FAMILY = "1,2";
			};
			name = Release;
		};
		132D5CEC22264D6D00EF2CC8 /* Debug */ = {
			isa = XCBuildConfiguration;
			baseConfigurationReference = F262511D70FA2CB0EA3A477B /* Pods-InterviewTests.debug.xcconfig */;
			buildSettings = {
				ALWAYS_EMBED_SWIFT_STANDARD_LIBRARIES = YES;
				BUNDLE_LOADER = "$(TEST_HOST)";
				CODE_SIGN_STYLE = Automatic;
				DEVELOPMENT_TEAM = 3W8B4KPVH6;
				INFOPLIST_FILE = InterviewTests/Info.plist;
				LD_RUNPATH_SEARCH_PATHS = (
					"$(inherited)",
					"@executable_path/Frameworks",
					"@loader_path/Frameworks",
				);
				PRODUCT_BUNDLE_IDENTIFIER = com.yanzi.InterviewTests;
				PRODUCT_NAME = "$(TARGET_NAME)";
				SWIFT_VERSION = 4.2;
				TARGETED_DEVICE_FAMILY = "1,2";
				TEST_HOST = "$(BUILT_PRODUCTS_DIR)/Interview.app/Interview";
			};
			name = Debug;
		};
		132D5CED22264D6D00EF2CC8 /* Release */ = {
			isa = XCBuildConfiguration;
			baseConfigurationReference = 936C8636760A3F008E1AB48F /* Pods-InterviewTests.release.xcconfig */;
			buildSettings = {
				ALWAYS_EMBED_SWIFT_STANDARD_LIBRARIES = YES;
				BUNDLE_LOADER = "$(TEST_HOST)";
				CODE_SIGN_STYLE = Automatic;
				DEVELOPMENT_TEAM = 3W8B4KPVH6;
				INFOPLIST_FILE = InterviewTests/Info.plist;
				LD_RUNPATH_SEARCH_PATHS = (
					"$(inherited)",
					"@executable_path/Frameworks",
					"@loader_path/Frameworks",
				);
				PRODUCT_BUNDLE_IDENTIFIER = com.yanzi.InterviewTests;
				PRODUCT_NAME = "$(TARGET_NAME)";
				SWIFT_VERSION = 4.2;
				TARGETED_DEVICE_FAMILY = "1,2";
				TEST_HOST = "$(BUILT_PRODUCTS_DIR)/Interview.app/Interview";
			};
			name = Release;
		};
/* End XCBuildConfiguration section */

/* Begin XCConfigurationList section */
		132D5CC622264D6C00EF2CC8 /* Build configuration list for PBXProject "Interview" */ = {
			isa = XCConfigurationList;
			buildConfigurations = (
				132D5CE622264D6D00EF2CC8 /* Debug */,
				132D5CE722264D6D00EF2CC8 /* Release */,
			);
			defaultConfigurationIsVisible = 0;
			defaultConfigurationName = Release;
		};
		132D5CE822264D6D00EF2CC8 /* Build configuration list for PBXNativeTarget "Interview" */ = {
			isa = XCConfigurationList;
			buildConfigurations = (
				132D5CE922264D6D00EF2CC8 /* Debug */,
				132D5CEA22264D6D00EF2CC8 /* Release */,
			);
			defaultConfigurationIsVisible = 0;
			defaultConfigurationName = Release;
		};
		132D5CEB22264D6D00EF2CC8 /* Build configuration list for PBXNativeTarget "InterviewTests" */ = {
			isa = XCConfigurationList;
			buildConfigurations = (
				132D5CEC22264D6D00EF2CC8 /* Debug */,
				132D5CED22264D6D00EF2CC8 /* Release */,
			);
			defaultConfigurationIsVisible = 0;
			defaultConfigurationName = Release;
		};
/* End XCConfigurationList section */
	};
	rootObject = 132D5CC322264D6C00EF2CC8 /* Project object */;
}
